// !$*UTF8*$!
{
	archiveVersion = 1;
	classes = {
	};
	objectVersion = 55;
	objects = {

/* Begin PBXBuildFile section */
		4B3C0605280802E9008EEB60 /* ChatRoom.swift in Sources */ = {isa = PBXBuildFile; fileRef = 4B3C0604280802E9008EEB60 /* ChatRoom.swift */; };
		4B53559E27FAC14B003B31FD /* AppDelegate.swift in Sources */ = {isa = PBXBuildFile; fileRef = 4B53559D27FAC14B003B31FD /* AppDelegate.swift */; };
		4B5355A027FAC14B003B31FD /* SceneDelegate.swift in Sources */ = {isa = PBXBuildFile; fileRef = 4B53559F27FAC14B003B31FD /* SceneDelegate.swift */; };
		4B5355A727FAC14D003B31FD /* Assets.xcassets in Resources */ = {isa = PBXBuildFile; fileRef = 4B5355A627FAC14D003B31FD /* Assets.xcassets */; };
		4B5355AA27FAC14D003B31FD /* LaunchScreen.storyboard in Resources */ = {isa = PBXBuildFile; fileRef = 4B5355A827FAC14D003B31FD /* LaunchScreen.storyboard */; };
		4B5355BF27FAC1F1003B31FD /* RegisterViewController.swift in Sources */ = {isa = PBXBuildFile; fileRef = 4B5355B427FAC1F1003B31FD /* RegisterViewController.swift */; };
		4B5355C127FAC1F1003B31FD /* LogInViewController.swift in Sources */ = {isa = PBXBuildFile; fileRef = 4B5355B627FAC1F1003B31FD /* LogInViewController.swift */; };
		4B5355C327FAC1F1003B31FD /* LiveCollectionViewCell.swift in Sources */ = {isa = PBXBuildFile; fileRef = 4B5355B827FAC1F1003B31FD /* LiveCollectionViewCell.swift */; };
		4B5355C427FAC1F1003B31FD /* Room.swift in Sources */ = {isa = PBXBuildFile; fileRef = 4B5355B927FAC1F1003B31FD /* Room.swift */; };
		4B5355C627FAC1F1003B31FD /* LiveCollectionViewController.swift in Sources */ = {isa = PBXBuildFile; fileRef = 4B5355BB27FAC1F1003B31FD /* LiveCollectionViewController.swift */; };
		4B5355C927FAC259003B31FD /* Main.storyboard in Resources */ = {isa = PBXBuildFile; fileRef = 4B5355C727FAC259003B31FD /* Main.storyboard */; };
		4B798E2C2803FE810017D844 /* SearchCollectionViewController.swift in Sources */ = {isa = PBXBuildFile; fileRef = 4B798E2B2803FE810017D844 /* SearchCollectionViewController.swift */; };
		4B798E2E2803FEB10017D844 /* SearchCollectionViewCell.swift in Sources */ = {isa = PBXBuildFile; fileRef = 4B798E2D2803FEB10017D844 /* SearchCollectionViewCell.swift */; };
		4B798E5F280432FD0017D844 /* SearchHeaderCollectionReusableView.swift in Sources */ = {isa = PBXBuildFile; fileRef = 4B798E5E280432FD0017D844 /* SearchHeaderCollectionReusableView.swift */; };
		4B798E812806729A0017D844 /* ChatRoomViewController.swift in Sources */ = {isa = PBXBuildFile; fileRef = 4B798E802806729A0017D844 /* ChatRoomViewController.swift */; };
		4B798E832806940B0017D844 /* ChatOuputTableViewCell.swift in Sources */ = {isa = PBXBuildFile; fileRef = 4B798E822806940B0017D844 /* ChatOuputTableViewCell.swift */; };
		4B798E89280699640017D844 /* SwiftyJSON in Frameworks */ = {isa = PBXBuildFile; productRef = 4B798E88280699640017D844 /* SwiftyJSON */; };
		4BC27AF627FD4238000906DA /* GoogleService-Info.plist in Resources */ = {isa = PBXBuildFile; fileRef = 4BC27AF527FD4238000906DA /* GoogleService-Info.plist */; };
		4BC27AF927FD447F000906DA /* FirebaseAuth in Frameworks */ = {isa = PBXBuildFile; productRef = 4BC27AF827FD447F000906DA /* FirebaseAuth */; };
		4BC27AFB27FD447F000906DA /* FirebaseFirestoreSwift-Beta in Frameworks */ = {isa = PBXBuildFile; productRef = 4BC27AFA27FD447F000906DA /* FirebaseFirestoreSwift-Beta */; };
		4BC27AFD27FD447F000906DA /* FirebaseStorageSwift-Beta in Frameworks */ = {isa = PBXBuildFile; productRef = 4BC27AFC27FD447F000906DA /* FirebaseStorageSwift-Beta */; };
		4BC27B0527FD7978000906DA /* RxCocoa in Frameworks */ = {isa = PBXBuildFile; productRef = 4BC27B0427FD7978000906DA /* RxCocoa */; };
		4BC27B0727FD7978000906DA /* RxSwift in Frameworks */ = {isa = PBXBuildFile; productRef = 4BC27B0627FD7978000906DA /* RxSwift */; };
		4BC27B0927FE8C34000906DA /* User.swift in Sources */ = {isa = PBXBuildFile; fileRef = 4BC27B0827FE8C34000906DA /* User.swift */; };
		4BC27B0D27FED005000906DA /* UserInfoViewController.swift in Sources */ = {isa = PBXBuildFile; fileRef = 4BC27B0C27FED005000906DA /* UserInfoViewController.swift */; };
		4BC27B1127FFC83E000906DA /* slice in Resources */ = {isa = PBXBuildFile; fileRef = 4BC27B1027FFC83E000906DA /* slice */; };
		4BC27B1427FFDB8A000906DA /* FirebaseDatabase in Frameworks */ = {isa = PBXBuildFile; productRef = 4BC27B1327FFDB8A000906DA /* FirebaseDatabase */; };
		4BC27B1627FFDC17000906DA /* FirebaseStorage in Frameworks */ = {isa = PBXBuildFile; productRef = 4BC27B1527FFDC17000906DA /* FirebaseStorage */; };
		4BC27B3A2801A123000906DA /* HeaderCollectionReusableView.swift in Sources */ = {isa = PBXBuildFile; fileRef = 4BC27B392801A123000906DA /* HeaderCollectionReusableView.swift */; };
		4BC27B3C2801ECB9000906DA /* NavigationController.swift in Sources */ = {isa = PBXBuildFile; fileRef = 4BC27B3B2801ECB9000906DA /* NavigationController.swift */; };
		4BC27B402802CDA9000906DA /* MediaVewController.swift in Sources */ = {isa = PBXBuildFile; fileRef = 4BC27B3F2802CDA9000906DA /* MediaVewController.swift */; };
		4BC27B422802E738000906DA /* hime3.mp4 in Resources */ = {isa = PBXBuildFile; fileRef = 4BC27B412802E72C000906DA /* hime3.mp4 */; };
		4BC37FE5280F4766001B0D78 /* InteractiveTransition.swift in Sources */ = {isa = PBXBuildFile; fileRef = 4BC37FE4280F4766001B0D78 /* InteractiveTransition.swift */; };
		4BC37FE7280FDC0C001B0D78 /* TabBarViewController.swift in Sources */ = {isa = PBXBuildFile; fileRef = 4BC37FE6280FDC0C001B0D78 /* TabBarViewController.swift */; };
		4BCE35C7280ADCF4006D1D86 /* FireBaseSupport.swift in Sources */ = {isa = PBXBuildFile; fileRef = 4BCE35C6280ADCF4006D1D86 /* FireBaseSupport.swift */; };
		4BCE35C9280B105E006D1D86 /* PhotoPicker.swift in Sources */ = {isa = PBXBuildFile; fileRef = 4BCE35C8280B105E006D1D86 /* PhotoPicker.swift */; };
		4BCE35CC280B5221006D1D86 /* Lottie in Frameworks */ = {isa = PBXBuildFile; productRef = 4BCE35CB280B5221006D1D86 /* Lottie */; };
		4BCE35EE280C41AF006D1D86 /* UserSupport.swift in Sources */ = {isa = PBXBuildFile; fileRef = 4BCE35ED280C41AF006D1D86 /* UserSupport.swift */; };
		4BCE35F0280C74B0006D1D86 /* LeaveAlertViewController.swift in Sources */ = {isa = PBXBuildFile; fileRef = 4BCE35EF280C74B0006D1D86 /* LeaveAlertViewController.swift */; };
		4BCE35F2280C7A99006D1D86 /* heartbreak.json in Resources */ = {isa = PBXBuildFile; fileRef = 4BCE35F1280C7A99006D1D86 /* heartbreak.json */; };
/* End PBXBuildFile section */

/* Begin PBXFileReference section */
		4B3C0604280802E9008EEB60 /* ChatRoom.swift */ = {isa = PBXFileReference; fileEncoding = 4; lastKnownFileType = sourcecode.swift; path = ChatRoom.swift; sourceTree = "<group>"; };
		4B53559A27FAC14B003B31FD /* LiveApp.app */ = {isa = PBXFileReference; explicitFileType = wrapper.application; includeInIndex = 0; path = LiveApp.app; sourceTree = BUILT_PRODUCTS_DIR; };
		4B53559D27FAC14B003B31FD /* AppDelegate.swift */ = {isa = PBXFileReference; lastKnownFileType = sourcecode.swift; path = AppDelegate.swift; sourceTree = "<group>"; };
		4B53559F27FAC14B003B31FD /* SceneDelegate.swift */ = {isa = PBXFileReference; lastKnownFileType = sourcecode.swift; path = SceneDelegate.swift; sourceTree = "<group>"; };
		4B5355A627FAC14D003B31FD /* Assets.xcassets */ = {isa = PBXFileReference; lastKnownFileType = folder.assetcatalog; path = Assets.xcassets; sourceTree = "<group>"; };
		4B5355A927FAC14D003B31FD /* Base */ = {isa = PBXFileReference; lastKnownFileType = file.storyboard; name = Base; path = Base.lproj/LaunchScreen.storyboard; sourceTree = "<group>"; };
		4B5355AB27FAC14D003B31FD /* Info.plist */ = {isa = PBXFileReference; lastKnownFileType = text.plist.xml; path = Info.plist; sourceTree = "<group>"; };
		4B5355B427FAC1F1003B31FD /* RegisterViewController.swift */ = {isa = PBXFileReference; fileEncoding = 4; lastKnownFileType = sourcecode.swift; path = RegisterViewController.swift; sourceTree = "<group>"; };
		4B5355B627FAC1F1003B31FD /* LogInViewController.swift */ = {isa = PBXFileReference; fileEncoding = 4; lastKnownFileType = sourcecode.swift; path = LogInViewController.swift; sourceTree = "<group>"; };
		4B5355B827FAC1F1003B31FD /* LiveCollectionViewCell.swift */ = {isa = PBXFileReference; fileEncoding = 4; lastKnownFileType = sourcecode.swift; path = LiveCollectionViewCell.swift; sourceTree = "<group>"; };
		4B5355B927FAC1F1003B31FD /* Room.swift */ = {isa = PBXFileReference; fileEncoding = 4; lastKnownFileType = sourcecode.swift; path = Room.swift; sourceTree = "<group>"; };
		4B5355BB27FAC1F1003B31FD /* LiveCollectionViewController.swift */ = {isa = PBXFileReference; fileEncoding = 4; lastKnownFileType = sourcecode.swift; path = LiveCollectionViewController.swift; sourceTree = "<group>"; };
		4B5355C827FAC259003B31FD /* Base */ = {isa = PBXFileReference; lastKnownFileType = file.storyboard; name = Base; path = Base.lproj/Main.storyboard; sourceTree = "<group>"; };
		4B798E2B2803FE810017D844 /* SearchCollectionViewController.swift */ = {isa = PBXFileReference; lastKnownFileType = sourcecode.swift; path = SearchCollectionViewController.swift; sourceTree = "<group>"; };
		4B798E2D2803FEB10017D844 /* SearchCollectionViewCell.swift */ = {isa = PBXFileReference; lastKnownFileType = sourcecode.swift; path = SearchCollectionViewCell.swift; sourceTree = "<group>"; };
		4B798E5E280432FD0017D844 /* SearchHeaderCollectionReusableView.swift */ = {isa = PBXFileReference; lastKnownFileType = sourcecode.swift; path = SearchHeaderCollectionReusableView.swift; sourceTree = "<group>"; };
		4B798E802806729A0017D844 /* ChatRoomViewController.swift */ = {isa = PBXFileReference; lastKnownFileType = sourcecode.swift; path = ChatRoomViewController.swift; sourceTree = "<group>"; };
		4B798E822806940B0017D844 /* ChatOuputTableViewCell.swift */ = {isa = PBXFileReference; lastKnownFileType = sourcecode.swift; path = ChatOuputTableViewCell.swift; sourceTree = "<group>"; };
		4BC27AF527FD4238000906DA /* GoogleService-Info.plist */ = {isa = PBXFileReference; fileEncoding = 4; lastKnownFileType = text.plist.xml; path = "GoogleService-Info.plist"; sourceTree = "<group>"; };
		4BC27B0827FE8C34000906DA /* User.swift */ = {isa = PBXFileReference; lastKnownFileType = sourcecode.swift; path = User.swift; sourceTree = "<group>"; };
		4BC27B0C27FED005000906DA /* UserInfoViewController.swift */ = {isa = PBXFileReference; lastKnownFileType = sourcecode.swift; path = UserInfoViewController.swift; sourceTree = "<group>"; };
		4BC27B1027FFC83E000906DA /* slice */ = {isa = PBXFileReference; lastKnownFileType = folder; path = slice; sourceTree = "<group>"; };
		4BC27B392801A123000906DA /* HeaderCollectionReusableView.swift */ = {isa = PBXFileReference; lastKnownFileType = sourcecode.swift; path = HeaderCollectionReusableView.swift; sourceTree = "<group>"; };
		4BC27B3B2801ECB9000906DA /* NavigationController.swift */ = {isa = PBXFileReference; lastKnownFileType = sourcecode.swift; path = NavigationController.swift; sourceTree = "<group>"; };
		4BC27B3F2802CDA9000906DA /* MediaVewController.swift */ = {isa = PBXFileReference; lastKnownFileType = sourcecode.swift; path = MediaVewController.swift; sourceTree = "<group>"; };
		4BC27B412802E72C000906DA /* hime3.mp4 */ = {isa = PBXFileReference; lastKnownFileType = file; path = hime3.mp4; sourceTree = "<group>"; };
		4BC37FE4280F4766001B0D78 /* InteractiveTransition.swift */ = {isa = PBXFileReference; lastKnownFileType = sourcecode.swift; path = InteractiveTransition.swift; sourceTree = "<group>"; };
		4BC37FE6280FDC0C001B0D78 /* TabBarViewController.swift */ = {isa = PBXFileReference; fileEncoding = 4; lastKnownFileType = sourcecode.swift; path = TabBarViewController.swift; sourceTree = "<group>"; };
		4BCE35C6280ADCF4006D1D86 /* FireBaseSupport.swift */ = {isa = PBXFileReference; lastKnownFileType = sourcecode.swift; path = FireBaseSupport.swift; sourceTree = "<group>"; };
		4BCE35C8280B105E006D1D86 /* PhotoPicker.swift */ = {isa = PBXFileReference; lastKnownFileType = sourcecode.swift; path = PhotoPicker.swift; sourceTree = "<group>"; };
		4BCE35ED280C41AF006D1D86 /* UserSupport.swift */ = {isa = PBXFileReference; lastKnownFileType = sourcecode.swift; path = UserSupport.swift; sourceTree = "<group>"; };
		4BCE35EF280C74B0006D1D86 /* LeaveAlertViewController.swift */ = {isa = PBXFileReference; lastKnownFileType = sourcecode.swift; path = LeaveAlertViewController.swift; sourceTree = "<group>"; };
		4BCE35F1280C7A99006D1D86 /* heartbreak.json */ = {isa = PBXFileReference; fileEncoding = 4; lastKnownFileType = text.json; path = heartbreak.json; sourceTree = "<group>"; };
/* End PBXFileReference section */

/* Begin PBXFrameworksBuildPhase section */
		4B53559727FAC14B003B31FD /* Frameworks */ = {
			isa = PBXFrameworksBuildPhase;
			buildActionMask = 2147483647;
			files = (
				4B798E89280699640017D844 /* SwiftyJSON in Frameworks */,
				4BC27B1427FFDB8A000906DA /* FirebaseDatabase in Frameworks */,
				4BCE35CC280B5221006D1D86 /* Lottie in Frameworks */,
				4BC27AF927FD447F000906DA /* FirebaseAuth in Frameworks */,
				4BC27AFB27FD447F000906DA /* FirebaseFirestoreSwift-Beta in Frameworks */,
				4BC27B0727FD7978000906DA /* RxSwift in Frameworks */,
				4BC27B1627FFDC17000906DA /* FirebaseStorage in Frameworks */,
				4BC27B0527FD7978000906DA /* RxCocoa in Frameworks */,
				4BC27AFD27FD447F000906DA /* FirebaseStorageSwift-Beta in Frameworks */,
			);
			runOnlyForDeploymentPostprocessing = 0;
		};
/* End PBXFrameworksBuildPhase section */

/* Begin PBXGroup section */
		4B3C05DB2807C4A1008EEB60 /* View */ = {
			isa = PBXGroup;
			children = (
				4B5355C727FAC259003B31FD /* Main.storyboard */,
				4B5355A827FAC14D003B31FD /* LaunchScreen.storyboard */,
			);
			path = View;
			sourceTree = "<group>";
		};
		4B53559127FAC14B003B31FD = {
			isa = PBXGroup;
			children = (
				4B53559C27FAC14B003B31FD /* LiveApp */,
				4B53559B27FAC14B003B31FD /* Products */,
				4BC27B1227FFDB8A000906DA /* Frameworks */,
			);
			sourceTree = "<group>";
		};
		4B53559B27FAC14B003B31FD /* Products */ = {
			isa = PBXGroup;
			children = (
				4B53559A27FAC14B003B31FD /* LiveApp.app */,
			);
			name = Products;
			sourceTree = "<group>";
		};
		4B53559C27FAC14B003B31FD /* LiveApp */ = {
			isa = PBXGroup;
			children = (
				4BC37FE6280FDC0C001B0D78 /* TabBarViewController.swift */,
				4BC27AFE27FD4A21000906DA /* Delegate */,
				4B5355CA27FAF892003B31FD /* Home */,
				4B798E5D280432D00017D844 /* Search */,
				4B5355D427FC92B0003B31FD /* Info */,
				4B5355CD27FC24C1003B31FD /* Model */,
				4BCE35C6280ADCF4006D1D86 /* FireBaseSupport.swift */,
				4BCE35ED280C41AF006D1D86 /* UserSupport.swift */,
				4BCE35C8280B105E006D1D86 /* PhotoPicker.swift */,
				4BC37FE4280F4766001B0D78 /* InteractiveTransition.swift */,
				4B3C05DB2807C4A1008EEB60 /* View */,
				4B5355AB27FAC14D003B31FD /* Info.plist */,
				4BC27AF527FD4238000906DA /* GoogleService-Info.plist */,
				4BCE35F1280C7A99006D1D86 /* heartbreak.json */,
				4B5355A627FAC14D003B31FD /* Assets.xcassets */,
				4BC27B412802E72C000906DA /* hime3.mp4 */,
				4BC27B1027FFC83E000906DA /* slice */,
			);
			path = LiveApp;
			sourceTree = "<group>";
		};
		4B5355CA27FAF892003B31FD /* Home */ = {
			isa = PBXGroup;
			children = (
				4B5355BB27FAC1F1003B31FD /* LiveCollectionViewController.swift */,
				4BC27B392801A123000906DA /* HeaderCollectionReusableView.swift */,
				4B5355B827FAC1F1003B31FD /* LiveCollectionViewCell.swift */,
				4B798E8C2806B8960017D844 /* LiveRoom */,
			);
			path = Home;
			sourceTree = "<group>";
		};
		4B5355CD27FC24C1003B31FD /* Model */ = {
			isa = PBXGroup;
			children = (
				4B5355B927FAC1F1003B31FD /* Room.swift */,
				4BC27B0827FE8C34000906DA /* User.swift */,
				4B3C0604280802E9008EEB60 /* ChatRoom.swift */,
			);
			path = Model;
			sourceTree = "<group>";
		};
		4B5355D427FC92B0003B31FD /* Info */ = {
			isa = PBXGroup;
			children = (
				4BC27B3B2801ECB9000906DA /* NavigationController.swift */,
				4B5355B427FAC1F1003B31FD /* RegisterViewController.swift */,
				4B5355B627FAC1F1003B31FD /* LogInViewController.swift */,
				4BC27B0C27FED005000906DA /* UserInfoViewController.swift */,
			);
			path = Info;
			sourceTree = "<group>";
		};
		4B798E5D280432D00017D844 /* Search */ = {
			isa = PBXGroup;
			children = (
				4B798E2B2803FE810017D844 /* SearchCollectionViewController.swift */,
				4B798E5E280432FD0017D844 /* SearchHeaderCollectionReusableView.swift */,
				4B798E2D2803FEB10017D844 /* SearchCollectionViewCell.swift */,
			);
			path = Search;
			sourceTree = "<group>";
		};
		4B798E8C2806B8960017D844 /* LiveRoom */ = {
			isa = PBXGroup;
			children = (
				4BC27B3F2802CDA9000906DA /* MediaVewController.swift */,
				4B798E802806729A0017D844 /* ChatRoomViewController.swift */,
				4B798E822806940B0017D844 /* ChatOuputTableViewCell.swift */,
				4BCE35EF280C74B0006D1D86 /* LeaveAlertViewController.swift */,
			);
			path = LiveRoom;
			sourceTree = "<group>";
		};
		4BC27AFE27FD4A21000906DA /* Delegate */ = {
			isa = PBXGroup;
			children = (
				4B53559D27FAC14B003B31FD /* AppDelegate.swift */,
				4B53559F27FAC14B003B31FD /* SceneDelegate.swift */,
			);
			path = Delegate;
			sourceTree = "<group>";
		};
		4BC27B1227FFDB8A000906DA /* Frameworks */ = {
			isa = PBXGroup;
			children = (
			);
			name = Frameworks;
			sourceTree = "<group>";
		};
/* End PBXGroup section */

/* Begin PBXNativeTarget section */
		4B53559927FAC14B003B31FD /* LiveApp */ = {
			isa = PBXNativeTarget;
			buildConfigurationList = 4B5355AE27FAC14D003B31FD /* Build configuration list for PBXNativeTarget "LiveApp" */;
			buildPhases = (
				4B53559627FAC14B003B31FD /* Sources */,
				4B53559727FAC14B003B31FD /* Frameworks */,
				4B53559827FAC14B003B31FD /* Resources */,
			);
			buildRules = (
			);
			dependencies = (
			);
			name = LiveApp;
			packageProductDependencies = (
				4BC27AF827FD447F000906DA /* FirebaseAuth */,
				4BC27AFA27FD447F000906DA /* FirebaseFirestoreSwift-Beta */,
				4BC27AFC27FD447F000906DA /* FirebaseStorageSwift-Beta */,
				4BC27B0427FD7978000906DA /* RxCocoa */,
				4BC27B0627FD7978000906DA /* RxSwift */,
				4BC27B1327FFDB8A000906DA /* FirebaseDatabase */,
				4BC27B1527FFDC17000906DA /* FirebaseStorage */,
				4B798E88280699640017D844 /* SwiftyJSON */,
				4BCE35CB280B5221006D1D86 /* Lottie */,
			);
			productName = LiveApp;
			productReference = 4B53559A27FAC14B003B31FD /* LiveApp.app */;
			productType = "com.apple.product-type.application";
		};
/* End PBXNativeTarget section */

/* Begin PBXProject section */
		4B53559227FAC14B003B31FD /* Project object */ = {
			isa = PBXProject;
			attributes = {
				BuildIndependentTargetsInParallel = 1;
				LastSwiftUpdateCheck = 1330;
				LastUpgradeCheck = 1330;
				TargetAttributes = {
					4B53559927FAC14B003B31FD = {
						CreatedOnToolsVersion = 13.3;
					};
				};
			};
			buildConfigurationList = 4B53559527FAC14B003B31FD /* Build configuration list for PBXProject "LiveApp" */;
			compatibilityVersion = "Xcode 13.0";
			developmentRegion = en;
			hasScannedForEncodings = 0;
			knownRegions = (
				en,
				Base,
			);
			mainGroup = 4B53559127FAC14B003B31FD;
			packageReferences = (
				4BC27AF727FD447F000906DA /* XCRemoteSwiftPackageReference "firebase-ios-sdk" */,
				4BC27B0327FD7978000906DA /* XCRemoteSwiftPackageReference "RxSwift" */,
				4B798E87280699640017D844 /* XCRemoteSwiftPackageReference "SwiftyJSON" */,
				4BCE35CA280B5221006D1D86 /* XCRemoteSwiftPackageReference "lottie-ios" */,
			);
			productRefGroup = 4B53559B27FAC14B003B31FD /* Products */;
			projectDirPath = "";
			projectRoot = "";
			targets = (
				4B53559927FAC14B003B31FD /* LiveApp */,
			);
		};
/* End PBXProject section */

/* Begin PBXResourcesBuildPhase section */
		4B53559827FAC14B003B31FD /* Resources */ = {
			isa = PBXResourcesBuildPhase;
			buildActionMask = 2147483647;
			files = (
				4BC27B422802E738000906DA /* hime3.mp4 in Resources */,
				4B5355AA27FAC14D003B31FD /* LaunchScreen.storyboard in Resources */,
				4B5355C927FAC259003B31FD /* Main.storyboard in Resources */,
				4BC27AF627FD4238000906DA /* GoogleService-Info.plist in Resources */,
				4B5355A727FAC14D003B31FD /* Assets.xcassets in Resources */,
				4BCE35F2280C7A99006D1D86 /* heartbreak.json in Resources */,
				4BC27B1127FFC83E000906DA /* slice in Resources */,
			);
			runOnlyForDeploymentPostprocessing = 0;
		};
/* End PBXResourcesBuildPhase section */

/* Begin PBXSourcesBuildPhase section */
		4B53559627FAC14B003B31FD /* Sources */ = {
			isa = PBXSourcesBuildPhase;
			buildActionMask = 2147483647;
			files = (
				4B3C0605280802E9008EEB60 /* ChatRoom.swift in Sources */,
				4B798E2C2803FE810017D844 /* SearchCollectionViewController.swift in Sources */,
				4BC27B0D27FED005000906DA /* UserInfoViewController.swift in Sources */,
				4BC27B3C2801ECB9000906DA /* NavigationController.swift in Sources */,
				4B798E812806729A0017D844 /* ChatRoomViewController.swift in Sources */,
				4BC27B3A2801A123000906DA /* HeaderCollectionReusableView.swift in Sources */,
				4B5355BF27FAC1F1003B31FD /* RegisterViewController.swift in Sources */,
				4BC27B402802CDA9000906DA /* MediaVewController.swift in Sources */,
				4B5355C127FAC1F1003B31FD /* LogInViewController.swift in Sources */,
				4B53559E27FAC14B003B31FD /* AppDelegate.swift in Sources */,
				4B5355C427FAC1F1003B31FD /* Room.swift in Sources */,
				4B5355A027FAC14B003B31FD /* SceneDelegate.swift in Sources */,
				4B5355C327FAC1F1003B31FD /* LiveCollectionViewCell.swift in Sources */,
				4BCE35C7280ADCF4006D1D86 /* FireBaseSupport.swift in Sources */,
				4BC37FE5280F4766001B0D78 /* InteractiveTransition.swift in Sources */,
				4B798E5F280432FD0017D844 /* SearchHeaderCollectionReusableView.swift in Sources */,
				4BC37FE7280FDC0C001B0D78 /* TabBarViewController.swift in Sources */,
				4B5355C627FAC1F1003B31FD /* LiveCollectionViewController.swift in Sources */,
				4BCE35C9280B105E006D1D86 /* PhotoPicker.swift in Sources */,
				4BC27B0927FE8C34000906DA /* User.swift in Sources */,
				4B798E2E2803FEB10017D844 /* SearchCollectionViewCell.swift in Sources */,
				4BCE35F0280C74B0006D1D86 /* LeaveAlertViewController.swift in Sources */,
				4B798E832806940B0017D844 /* ChatOuputTableViewCell.swift in Sources */,
				4BCE35EE280C41AF006D1D86 /* UserSupport.swift in Sources */,
			);
			runOnlyForDeploymentPostprocessing = 0;
		};
/* End PBXSourcesBuildPhase section */

/* Begin PBXVariantGroup section */
		4B5355A827FAC14D003B31FD /* LaunchScreen.storyboard */ = {
			isa = PBXVariantGroup;
			children = (
				4B5355A927FAC14D003B31FD /* Base */,
			);
			name = LaunchScreen.storyboard;
			sourceTree = "<group>";
		};
		4B5355C727FAC259003B31FD /* Main.storyboard */ = {
			isa = PBXVariantGroup;
			children = (
				4B5355C827FAC259003B31FD /* Base */,
			);
			name = Main.storyboard;
			sourceTree = "<group>";
		};
/* End PBXVariantGroup section */

/* Begin XCBuildConfiguration section */
		4B5355AC27FAC14D003B31FD /* Debug */ = {
			isa = XCBuildConfiguration;
			buildSettings = {
				ALWAYS_SEARCH_USER_PATHS = NO;
				CLANG_ANALYZER_NONNULL = YES;
				CLANG_ANALYZER_NUMBER_OBJECT_CONVERSION = YES_AGGRESSIVE;
				CLANG_CXX_LANGUAGE_STANDARD = "gnu++17";
				CLANG_ENABLE_MODULES = YES;
				CLANG_ENABLE_OBJC_ARC = YES;
				CLANG_ENABLE_OBJC_WEAK = YES;
				CLANG_WARN_BLOCK_CAPTURE_AUTORELEASING = YES;
				CLANG_WARN_BOOL_CONVERSION = YES;
				CLANG_WARN_COMMA = YES;
				CLANG_WARN_CONSTANT_CONVERSION = YES;
				CLANG_WARN_DEPRECATED_OBJC_IMPLEMENTATIONS = YES;
				CLANG_WARN_DIRECT_OBJC_ISA_USAGE = YES_ERROR;
				CLANG_WARN_DOCUMENTATION_COMMENTS = YES;
				CLANG_WARN_EMPTY_BODY = YES;
				CLANG_WARN_ENUM_CONVERSION = YES;
				CLANG_WARN_INFINITE_RECURSION = YES;
				CLANG_WARN_INT_CONVERSION = YES;
				CLANG_WARN_NON_LITERAL_NULL_CONVERSION = YES;
				CLANG_WARN_OBJC_IMPLICIT_RETAIN_SELF = YES;
				CLANG_WARN_OBJC_LITERAL_CONVERSION = YES;
				CLANG_WARN_OBJC_ROOT_CLASS = YES_ERROR;
				CLANG_WARN_QUOTED_INCLUDE_IN_FRAMEWORK_HEADER = YES;
				CLANG_WARN_RANGE_LOOP_ANALYSIS = YES;
				CLANG_WARN_STRICT_PROTOTYPES = YES;
				CLANG_WARN_SUSPICIOUS_MOVE = YES;
				CLANG_WARN_UNGUARDED_AVAILABILITY = YES_AGGRESSIVE;
				CLANG_WARN_UNREACHABLE_CODE = YES;
				CLANG_WARN__DUPLICATE_METHOD_MATCH = YES;
				COPY_PHASE_STRIP = NO;
				DEBUG_INFORMATION_FORMAT = dwarf;
				ENABLE_STRICT_OBJC_MSGSEND = YES;
				ENABLE_TESTABILITY = YES;
				GCC_C_LANGUAGE_STANDARD = gnu11;
				GCC_DYNAMIC_NO_PIC = NO;
				GCC_NO_COMMON_BLOCKS = YES;
				GCC_OPTIMIZATION_LEVEL = 0;
				GCC_PREPROCESSOR_DEFINITIONS = (
					"DEBUG=1",
					"$(inherited)",
				);
				GCC_WARN_64_TO_32_BIT_CONVERSION = YES;
				GCC_WARN_ABOUT_RETURN_TYPE = YES_ERROR;
				GCC_WARN_UNDECLARED_SELECTOR = YES;
				GCC_WARN_UNINITIALIZED_AUTOS = YES_AGGRESSIVE;
				GCC_WARN_UNUSED_FUNCTION = YES;
				GCC_WARN_UNUSED_VARIABLE = YES;
				IPHONEOS_DEPLOYMENT_TARGET = 13.0;
				MTL_ENABLE_DEBUG_INFO = INCLUDE_SOURCE;
				MTL_FAST_MATH = YES;
				ONLY_ACTIVE_ARCH = YES;
				SDKROOT = iphoneos;
				SWIFT_ACTIVE_COMPILATION_CONDITIONS = DEBUG;
				SWIFT_OPTIMIZATION_LEVEL = "-Onone";
			};
			name = Debug;
		};
		4B5355AD27FAC14D003B31FD /* Release */ = {
			isa = XCBuildConfiguration;
			buildSettings = {
				ALWAYS_SEARCH_USER_PATHS = NO;
				CLANG_ANALYZER_NONNULL = YES;
				CLANG_ANALYZER_NUMBER_OBJECT_CONVERSION = YES_AGGRESSIVE;
				CLANG_CXX_LANGUAGE_STANDARD = "gnu++17";
				CLANG_ENABLE_MODULES = YES;
				CLANG_ENABLE_OBJC_ARC = YES;
				CLANG_ENABLE_OBJC_WEAK = YES;
				CLANG_WARN_BLOCK_CAPTURE_AUTORELEASING = YES;
				CLANG_WARN_BOOL_CONVERSION = YES;
				CLANG_WARN_COMMA = YES;
				CLANG_WARN_CONSTANT_CONVERSION = YES;
				CLANG_WARN_DEPRECATED_OBJC_IMPLEMENTATIONS = YES;
				CLANG_WARN_DIRECT_OBJC_ISA_USAGE = YES_ERROR;
				CLANG_WARN_DOCUMENTATION_COMMENTS = YES;
				CLANG_WARN_EMPTY_BODY = YES;
				CLANG_WARN_ENUM_CONVERSION = YES;
				CLANG_WARN_INFINITE_RECURSION = YES;
				CLANG_WARN_INT_CONVERSION = YES;
				CLANG_WARN_NON_LITERAL_NULL_CONVERSION = YES;
				CLANG_WARN_OBJC_IMPLICIT_RETAIN_SELF = YES;
				CLANG_WARN_OBJC_LITERAL_CONVERSION = YES;
				CLANG_WARN_OBJC_ROOT_CLASS = YES_ERROR;
				CLANG_WARN_QUOTED_INCLUDE_IN_FRAMEWORK_HEADER = YES;
				CLANG_WARN_RANGE_LOOP_ANALYSIS = YES;
				CLANG_WARN_STRICT_PROTOTYPES = YES;
				CLANG_WARN_SUSPICIOUS_MOVE = YES;
				CLANG_WARN_UNGUARDED_AVAILABILITY = YES_AGGRESSIVE;
				CLANG_WARN_UNREACHABLE_CODE = YES;
				CLANG_WARN__DUPLICATE_METHOD_MATCH = YES;
				COPY_PHASE_STRIP = NO;
				DEBUG_INFORMATION_FORMAT = "dwarf-with-dsym";
				ENABLE_NS_ASSERTIONS = NO;
				ENABLE_STRICT_OBJC_MSGSEND = YES;
				GCC_C_LANGUAGE_STANDARD = gnu11;
				GCC_NO_COMMON_BLOCKS = YES;
				GCC_WARN_64_TO_32_BIT_CONVERSION = YES;
				GCC_WARN_ABOUT_RETURN_TYPE = YES_ERROR;
				GCC_WARN_UNDECLARED_SELECTOR = YES;
				GCC_WARN_UNINITIALIZED_AUTOS = YES_AGGRESSIVE;
				GCC_WARN_UNUSED_FUNCTION = YES;
				GCC_WARN_UNUSED_VARIABLE = YES;
				IPHONEOS_DEPLOYMENT_TARGET = 13.0;
				MTL_ENABLE_DEBUG_INFO = NO;
				MTL_FAST_MATH = YES;
				SDKROOT = iphoneos;
				SWIFT_COMPILATION_MODE = wholemodule;
				SWIFT_OPTIMIZATION_LEVEL = "-O";
				VALIDATE_PRODUCT = YES;
			};
			name = Release;
		};
		4B5355AF27FAC14D003B31FD /* Debug */ = {
			isa = XCBuildConfiguration;
			buildSettings = {
				ASSETCATALOG_COMPILER_APPICON_NAME = AppIcon;
				ASSETCATALOG_COMPILER_GLOBAL_ACCENT_COLOR_NAME = AccentColor;
				CODE_SIGN_IDENTITY = "Apple Development";
				CODE_SIGN_STYLE = Automatic;
				CURRENT_PROJECT_VERSION = 1;
				DEVELOPMENT_TEAM = GMGL43CU35;
				GENERATE_INFOPLIST_FILE = YES;
				INFOPLIST_FILE = LiveApp/Info.plist;
				INFOPLIST_KEY_CFBundleDisplayName = "yu-chih";
				INFOPLIST_KEY_NSCameraUsageDescription = "將取用相機權限";
				INFOPLIST_KEY_NSPhotoLibraryUsageDescription = "將取用相簿權限";
				INFOPLIST_KEY_UIApplicationSupportsIndirectInputEvents = YES;
				INFOPLIST_KEY_UILaunchStoryboardName = LaunchScreen;
				INFOPLIST_KEY_UIMainStoryboardFile = Main;
				INFOPLIST_KEY_UISupportedInterfaceOrientations_iPad = "UIInterfaceOrientationPortrait UIInterfaceOrientationPortraitUpsideDown UIInterfaceOrientationLandscapeLeft UIInterfaceOrientationLandscapeRight";
				INFOPLIST_KEY_UISupportedInterfaceOrientations_iPhone = "UIInterfaceOrientationPortrait UIInterfaceOrientationLandscapeLeft UIInterfaceOrientationLandscapeRight";
				INFOPLIST_KEY_UIUserInterfaceStyle = Light;
				LD_RUNPATH_SEARCH_PATHS = (
					"$(inherited)",
					"@executable_path/Frameworks",
				);
				MARKETING_VERSION = 1.0;
				PRODUCT_BUNDLE_IDENTIFIER = "com.yu-chih.LiveApp";
				PRODUCT_NAME = "$(TARGET_NAME)";
				PROVISIONING_PROFILE_SPECIFIER = "";
				SWIFT_EMIT_LOC_STRINGS = YES;
				SWIFT_VERSION = 5.0;
				TARGETED_DEVICE_FAMILY = "1,2";
			};
			name = Debug;
		};
		4B5355B027FAC14D003B31FD /* Release */ = {
			isa = XCBuildConfiguration;
			buildSettings = {
				ASSETCATALOG_COMPILER_APPICON_NAME = AppIcon;
				ASSETCATALOG_COMPILER_GLOBAL_ACCENT_COLOR_NAME = AccentColor;
				CODE_SIGN_IDENTITY = "Apple Development";
				CODE_SIGN_STYLE = Automatic;
				CURRENT_PROJECT_VERSION = 1;
				DEVELOPMENT_TEAM = GMGL43CU35;
				GENERATE_INFOPLIST_FILE = YES;
				INFOPLIST_FILE = LiveApp/Info.plist;
				INFOPLIST_KEY_CFBundleDisplayName = "yu-chih";
				INFOPLIST_KEY_NSCameraUsageDescription = "將取用相機權限";
				INFOPLIST_KEY_NSPhotoLibraryUsageDescription = "將取用相簿權限";
				INFOPLIST_KEY_UIApplicationSupportsIndirectInputEvents = YES;
				INFOPLIST_KEY_UILaunchStoryboardName = LaunchScreen;
				INFOPLIST_KEY_UIMainStoryboardFile = Main;
				INFOPLIST_KEY_UISupportedInterfaceOrientations_iPad = "UIInterfaceOrientationPortrait UIInterfaceOrientationPortraitUpsideDown UIInterfaceOrientationLandscapeLeft UIInterfaceOrientationLandscapeRight";
				INFOPLIST_KEY_UISupportedInterfaceOrientations_iPhone = "UIInterfaceOrientationPortrait UIInterfaceOrientationLandscapeLeft UIInterfaceOrientationLandscapeRight";
				INFOPLIST_KEY_UIUserInterfaceStyle = Light;
				LD_RUNPATH_SEARCH_PATHS = (
					"$(inherited)",
					"@executable_path/Frameworks",
				);
				MARKETING_VERSION = 1.0;
				PRODUCT_BUNDLE_IDENTIFIER = "com.yu-chih.LiveApp";
				PRODUCT_NAME = "$(TARGET_NAME)";
				PROVISIONING_PROFILE_SPECIFIER = "";
				SWIFT_EMIT_LOC_STRINGS = YES;
				SWIFT_VERSION = 5.0;
				TARGETED_DEVICE_FAMILY = "1,2";
			};
			name = Release;
		};
/* End XCBuildConfiguration section */

/* Begin XCConfigurationList section */
		4B53559527FAC14B003B31FD /* Build configuration list for PBXProject "LiveApp" */ = {
			isa = XCConfigurationList;
			buildConfigurations = (
				4B5355AC27FAC14D003B31FD /* Debug */,
				4B5355AD27FAC14D003B31FD /* Release */,
			);
			defaultConfigurationIsVisible = 0;
			defaultConfigurationName = Release;
		};
		4B5355AE27FAC14D003B31FD /* Build configuration list for PBXNativeTarget "LiveApp" */ = {
			isa = XCConfigurationList;
			buildConfigurations = (
				4B5355AF27FAC14D003B31FD /* Debug */,
				4B5355B027FAC14D003B31FD /* Release */,
			);
			defaultConfigurationIsVisible = 0;
			defaultConfigurationName = Release;
		};
/* End XCConfigurationList section */

/* Begin XCRemoteSwiftPackageReference section */
		4B798E87280699640017D844 /* XCRemoteSwiftPackageReference "SwiftyJSON" */ = {
			isa = XCRemoteSwiftPackageReference;
			repositoryURL = "https://github.com/SwiftyJSON/SwiftyJSON";
			requirement = {
				kind = upToNextMajorVersion;
				minimumVersion = 5.0.0;
			};
		};
		4BC27AF727FD447F000906DA /* XCRemoteSwiftPackageReference "firebase-ios-sdk" */ = {
			isa = XCRemoteSwiftPackageReference;
			repositoryURL = "https://github.com/firebase/firebase-ios-sdk.git";
			requirement = {
				kind = upToNextMajorVersion;
				minimumVersion = 8.0.0;
			};
		};
		4BC27B0327FD7978000906DA /* XCRemoteSwiftPackageReference "RxSwift" */ = {
			isa = XCRemoteSwiftPackageReference;
			repositoryURL = "https://github.com/ReactiveX/RxSwift.git";
			requirement = {
				kind = upToNextMajorVersion;
				minimumVersion = 6.0.0;
			};
		};
		4BCE35CA280B5221006D1D86 /* XCRemoteSwiftPackageReference "lottie-ios" */ = {
			isa = XCRemoteSwiftPackageReference;
			repositoryURL = "https://github.com/airbnb/lottie-ios/";
			requirement = {
				kind = upToNextMajorVersion;
				minimumVersion = 3.0.0;
			};
		};
/* End XCRemoteSwiftPackageReference section */

/* Begin XCSwiftPackageProductDependency section */
		4B798E88280699640017D844 /* SwiftyJSON */ = {
			isa = XCSwiftPackageProductDependency;
			package = 4B798E87280699640017D844 /* XCRemoteSwiftPackageReference "SwiftyJSON" */;
			productName = SwiftyJSON;
		};
		4BC27AF827FD447F000906DA /* FirebaseAuth */ = {
			isa = XCSwiftPackageProductDependency;
			package = 4BC27AF727FD447F000906DA /* XCRemoteSwiftPackageReference "firebase-ios-sdk" */;
			productName = FirebaseAuth;
		};
		4BC27AFA27FD447F000906DA /* FirebaseFirestoreSwift-Beta */ = {
			isa = XCSwiftPackageProductDependency;
			package = 4BC27AF727FD447F000906DA /* XCRemoteSwiftPackageReference "firebase-ios-sdk" */;
			productName = "FirebaseFirestoreSwift-Beta";
		};
		4BC27AFC27FD447F000906DA /* FirebaseStorageSwift-Beta */ = {
			isa = XCSwiftPackageProductDependency;
			package = 4BC27AF727FD447F000906DA /* XCRemoteSwiftPackageReference "firebase-ios-sdk" */;
			productName = "FirebaseStorageSwift-Beta";
		};
		4BC27B0427FD7978000906DA /* RxCocoa */ = {
			isa = XCSwiftPackageProductDependency;
			package = 4BC27B0327FD7978000906DA /* XCRemoteSwiftPackageReference "RxSwift" */;
			productName = RxCocoa;
		};
		4BC27B0627FD7978000906DA /* RxSwift */ = {
			isa = XCSwiftPackageProductDependency;
			package = 4BC27B0327FD7978000906DA /* XCRemoteSwiftPackageReference "RxSwift" */;
			productName = RxSwift;
		};
		4BC27B1327FFDB8A000906DA /* FirebaseDatabase */ = {
			isa = XCSwiftPackageProductDependency;
			package = 4BC27AF727FD447F000906DA /* XCRemoteSwiftPackageReference "firebase-ios-sdk" */;
			productName = FirebaseDatabase;
		};
		4BC27B1527FFDC17000906DA /* FirebaseStorage */ = {
			isa = XCSwiftPackageProductDependency;
			package = 4BC27AF727FD447F000906DA /* XCRemoteSwiftPackageReference "firebase-ios-sdk" */;
			productName = FirebaseStorage;
		};
		4BCE35CB280B5221006D1D86 /* Lottie */ = {
			isa = XCSwiftPackageProductDependency;
			package = 4BCE35CA280B5221006D1D86 /* XCRemoteSwiftPackageReference "lottie-ios" */;
			productName = Lottie;
		};
/* End XCSwiftPackageProductDependency section */
	};
	rootObject = 4B53559227FAC14B003B31FD /* Project object */;
}
